
Microsoft Visual Studio Solution File, Format Version 12.00
# Visual Studio Version 16
VisualStudioVersion = 16.0.30503.244
MinimumVisualStudioVersion = 10.0.40219.1
Project("{FAE04EC0-301F-11D3-BF4B-00C04F79EFBC}") = "ExperimentalApp.Android", "App1.Android\ExperimentalApp.Android.csproj", "{C729739E-3402-459C-A438-7D4BF066D558}"
EndProject
Project("{FAE04EC0-301F-11D3-BF4B-00C04F79EFBC}") = "ExperimentalApp.iOS", "App1.iOS\ExperimentalApp.iOS.csproj", "{CA53A439-F8AE-493C-8535-4D110CF41C94}"
EndProject
Project("{9A19103F-16F7-4668-BE54-9A1E7A4F7556}") = "ExperimentalApp", "App1\ExperimentalApp.csproj", "{9AC734CF-FA20-4B4C-A932-6D382EE44815}"
EndProject
Global
	GlobalSection(SolutionConfigurationPlatforms) = preSolution
		Debug|Any CPU = Debug|Any CPU
		Debug|iPhone = Debug|iPhone
		Debug|iPhoneSimulator = Debug|iPhoneSimulator
		Release|Any CPU = Release|Any CPU
		Release|iPhone = Release|iPhone
		Release|iPhoneSimulator = Release|iPhoneSimulator
	EndGlobalSection
	GlobalSection(ProjectConfigurationPlatforms) = postSolution
		{C729739E-3402-459C-A438-7D4BF066D558}.Debug|Any CPU.ActiveCfg = Debug|Any CPU
		{C729739E-3402-459C-A438-7D4BF066D558}.Debug|Any CPU.Build.0 = Debug|Any CPU
		{C729739E-3402-459C-A438-7D4BF066D558}.Debug|Any CPU.Deploy.0 = Debug|Any CPU
		{C729739E-3402-459C-A438-7D4BF066D558}.Debug|iPhone.ActiveCfg = Debug|Any CPU
		{C729739E-3402-459C-A438-7D4BF066D558}.Debug|iPhone.Build.0 = Debug|Any CPU
		{C729739E-3402-459C-A438-7D4BF066D558}.Debug|iPhone.Deploy.0 = Debug|Any CPU
		{C729739E-3402-459C-A438-7D4BF066D558}.Debug|iPhoneSimulator.ActiveCfg = Debug|Any CPU
		{C729739E-3402-459C-A438-7D4BF066D558}.Debug|iPhoneSimulator.Build.0 = Debug|Any CPU
		{C729739E-3402-459C-A438-7D4BF066D558}.Debug|iPhoneSimulator.Deploy.0 = Debug|Any CPU
		{C729739E-3402-459C-A438-7D4BF066D558}.Release|Any CPU.ActiveCfg = Release|Any CPU
		{C729739E-3402-459C-A438-7D4BF066D558}.Release|Any CPU.Build.0 = Release|Any CPU
		{C729739E-3402-459C-A438-7D4BF066D558}.Release|Any CPU.Deploy.0 = Release|Any CPU
		{C729739E-3402-459C-A438-7D4BF066D558}.Release|iPhone.ActiveCfg = Release|Any CPU
		{C729739E-3402-459C-A438-7D4BF066D558}.Release|iPhone.Build.0 = Release|Any CPU
		{C729739E-3402-459C-A438-7D4BF066D558}.Release|iPhone.Deploy.0 = Release|Any CPU
		{C729739E-3402-459C-A438-7D4BF066D558}.Release|iPhoneSimulator.ActiveCfg = Release|Any CPU
		{C729739E-3402-459C-A438-7D4BF066D558}.Release|iPhoneSimulator.Build.0 = Release|Any CPU
		{C729739E-3402-459C-A438-7D4BF066D558}.Release|iPhoneSimulator.Deploy.0 = Release|Any CPU
		{CA53A439-F8AE-493C-8535-4D110CF41C94}.Debug|Any CPU.ActiveCfg = Debug|iPhone
		{CA53A439-F8AE-493C-8535-4D110CF41C94}.Debug|Any CPU.Build.0 = Debug|iPhone
		{CA53A439-F8AE-493C-8535-4D110CF41C94}.Debug|Any CPU.Deploy.0 = Debug|iPhone
		{CA53A439-F8AE-493C-8535-4D110CF41C94}.Debug|iPhone.ActiveCfg = Debug|iPhone
		{CA53A439-F8AE-493C-8535-4D110CF41C94}.Debug|iPhone.Build.0 = Debug|iPhone
		{CA53A439-F8AE-493C-8535-4D110CF41C94}.Debug|iPhone.Deploy.0 = Debug|iPhone
		{CA53A439-F8AE-493C-8535-4D110CF41C94}.Debug|iPhoneSimulator.ActiveCfg = Debug|iPhoneSimulator
		{CA53A439-F8AE-493C-8535-4D110CF41C94}.Debug|iPhoneSimulator.Build.0 = Debug|iPhoneSimulator
		{CA53A439-F8AE-493C-8535-4D110CF41C94}.Debug|iPhoneSimulator.Deploy.0 = Debug|iPhoneSimulator
		{CA53A439-F8AE-493C-8535-4D110CF41C94}.Release|Any CPU.ActiveCfg = Release|iPhoneSimulator
		{CA53A439-F8AE-493C-8535-4D110CF41C94}.Release|Any CPU.Build.0 = Release|iPhoneSimulator
		{CA53A439-F8AE-493C-8535-4D110CF41C94}.Release|Any CPU.Deploy.0 = Release|iPhoneSimulator
		{CA53A439-F8AE-493C-8535-4D110CF41C94}.Release|iPhone.ActiveCfg = Release|iPhone
		{CA53A439-F8AE-493C-8535-4D110CF41C94}.Release|iPhone.Build.0 = Release|iPhone
		{CA53A439-F8AE-493C-8535-4D110CF41C94}.Release|iPhone.Deploy.0 = Release|iPhone
		{CA53A439-F8AE-493C-8535-4D110CF41C94}.Release|iPhoneSimulator.ActiveCfg = Release|iPhoneSimulator
		{CA53A439-F8AE-493C-8535-4D110CF41C94}.Release|iPhoneSimulator.Build.0 = Release|iPhoneSimulator
		{CA53A439-F8AE-493C-8535-4D110CF41C94}.Release|iPhoneSimulator.Deploy.0 = Release|iPhoneSimulator
		{9AC734CF-FA20-4B4C-A932-6D382EE44815}.Debug|Any CPU.ActiveCfg = Debug|Any CPU
		{9AC734CF-FA20-4B4C-A932-6D382EE44815}.Debug|Any CPU.Build.0 = Debug|Any CPU
		{9AC734CF-FA20-4B4C-A932-6D382EE44815}.Debug|Any CPU.Deploy.0 = Debug|Any CPU
		{9AC734CF-FA20-4B4C-A932-6D382EE44815}.Debug|iPhone.ActiveCfg = Debug|Any CPU
		{9AC734CF-FA20-4B4C-A932-6D382EE44815}.Debug|iPhone.Build.0 = Debug|Any CPU
		{9AC734CF-FA20-4B4C-A932-6D382EE44815}.Debug|iPhone.Deploy.0 = Debug|Any CPU
		{9AC734CF-FA20-4B4C-A932-6D382EE44815}.Debug|iPhoneSimulator.ActiveCfg = Debug|Any CPU
		{9AC734CF-FA20-4B4C-A932-6D382EE44815}.Debug|iPhoneSimulator.Build.0 = Debug|Any CPU
		{9AC734CF-FA20-4B4C-A932-6D382EE44815}.Debug|iPhoneSimulator.Deploy.0 = Debug|Any CPU
		{9AC734CF-FA20-4B4C-A932-6D382EE44815}.Release|Any CPU.ActiveCfg = Release|Any CPU
		{9AC734CF-FA20-4B4C-A932-6D382EE44815}.Release|Any CPU.Build.0 = Release|Any CPU
		{9AC734CF-FA20-4B4C-A932-6D382EE44815}.Release|Any CPU.Deploy.0 = Release|Any CPU
		{9AC734CF-FA20-4B4C-A932-6D382EE44815}.Release|iPhone.ActiveCfg = Release|Any CPU
		{9AC734CF-FA20-4B4C-A932-6D382EE44815}.Release|iPhone.Build.0 = Release|Any CPU
		{9AC734CF-FA20-4B4C-A932-6D382EE44815}.Release|iPhone.Deploy.0 = Release|Any CPU
		{9AC734CF-FA20-4B4C-A932-6D382EE44815}.Release|iPhoneSimulator.ActiveCfg = Release|Any CPU
		{9AC734CF-FA20-4B4C-A932-6D382EE44815}.Release|iPhoneSimulator.Build.0 = Release|Any CPU
		{9AC734CF-FA20-4B4C-A932-6D382EE44815}.Release|iPhoneSimulator.Deploy.0 = Release|Any CPU
	EndGlobalSection
	GlobalSection(SolutionProperties) = preSolution
		HideSolutionNode = FALSE
	EndGlobalSection
	GlobalSection(ExtensibilityGlobals) = postSolution
		SolutionGuid = {EF00E787-6C34-4A6E-8C4B-DC94AC3BA804}
	EndGlobalSection
EndGlobal
